
Microsoft Visual Studio Solution File, Format Version 12.00
# Visual Studio Version 17
VisualStudioVersion = 17.12.35527.113
MinimumVisualStudioVersion = 10.0.40219.1
Project("{FAE04EC0-301F-11D3-BF4B-00C04F79EFBC}") = "WeatherMetricsWebAPI", "WeatherMetricsWebAPI\WeatherMetricsWebAPI.csproj", "{91BF17FC-8886-4531-838C-A5371D03F567}"
EndProject
Project("{FAE04EC0-301F-11D3-BF4B-00C04F79EFBC}") = "WeatherMetricsModel", "WeatherMetricsModel\WeatherMetricsModel.csproj", "{5AEFA0CE-53DA-4277-A246-539DF89ECCF2}"
EndProject
Project("{FAE04EC0-301F-11D3-BF4B-00C04F79EFBC}") = "WeatherMetricsDTO", "WeatherMetricsDTO\WeatherMetricsDTO.csproj", "{F84135AA-F383-4542-BF1C-ED90E4F7BCD6}"
EndProject
Global
	GlobalSection(SolutionConfigurationPlatforms) = preSolution
		Debug|Any CPU = Debug|Any CPU
		Release|Any CPU = Release|Any CPU
	EndGlobalSection
	GlobalSection(ProjectConfigurationPlatforms) = postSolution
		{91BF17FC-8886-4531-838C-A5371D03F567}.Debug|Any CPU.ActiveCfg = Debug|Any CPU
		{91BF17FC-8886-4531-838C-A5371D03F567}.Debug|Any CPU.Build.0 = Debug|Any CPU
		{91BF17FC-8886-4531-838C-A5371D03F567}.Release|Any CPU.ActiveCfg = Release|Any CPU
		{91BF17FC-8886-4531-838C-A5371D03F567}.Release|Any CPU.Build.0 = Release|Any CPU
		{5AEFA0CE-53DA-4277-A246-539DF89ECCF2}.Debug|Any CPU.ActiveCfg = Debug|Any CPU
		{5AEFA0CE-53DA-4277-A246-539DF89ECCF2}.Debug|Any CPU.Build.0 = Debug|Any CPU
		{5AEFA0CE-53DA-4277-A246-539DF89ECCF2}.Release|Any CPU.ActiveCfg = Release|Any CPU
		{5AEFA0CE-53DA-4277-A246-539DF89ECCF2}.Release|Any CPU.Build.0 = Release|Any CPU
		{F84135AA-F383-4542-BF1C-ED90E4F7BCD6}.Debug|Any CPU.ActiveCfg = Debug|Any CPU
		{F84135AA-F383-4542-BF1C-ED90E4F7BCD6}.Debug|Any CPU.Build.0 = Debug|Any CPU
		{F84135AA-F383-4542-BF1C-ED90E4F7BCD6}.Release|Any CPU.ActiveCfg = Release|Any CPU
		{F84135AA-F383-4542-BF1C-ED90E4F7BCD6}.Release|Any CPU.Build.0 = Release|Any CPU
	EndGlobalSection
	GlobalSection(SolutionProperties) = preSolution
		HideSolutionNode = FALSE
	EndGlobalSection
EndGlobal
